
Microsoft Visual Studio Solution File, Format Version 12.00
# Visual Studio Version 17
VisualStudioVersion = 17.8.34525.116
MinimumVisualStudioVersion = 10.0.40219.1
Project("{2150E333-8FDC-42A3-9474-1A3956D46DE8}") = "Application", "Application", "{774144B4-FCC2-4197-976A-CE2EB657C4CF}"
EndProject
Project("{2150E333-8FDC-42A3-9474-1A3956D46DE8}") = "Domain", "Domain", "{DE0C3321-AE79-4523-AC85-AB3AC171ED3D}"
EndProject
Project("{2150E333-8FDC-42A3-9474-1A3956D46DE8}") = "Infrastructure", "Infrastructure", "{B6A68229-7A45-4DB9-B92B-D4E843AAD518}"
EndProject
Project("{2150E333-8FDC-42A3-9474-1A3956D46DE8}") = "Services", "Services", "{FC19F254-DECC-4653-BC40-7252B28958DA}"
EndProject
Project("{2150E333-8FDC-42A3-9474-1A3956D46DE8}") = "Utilities", "Utilities", "{8D2D1A7B-BAFC-433E-B04D-FB9B1B4110D8}"
EndProject
Project("{FAE04EC0-301F-11D3-BF4B-00C04F79EFBC}") = "CLINICAL.Domain", "src\CLINICAL.Domain\CLINICAL.Domain.csproj", "{9188851F-AA13-41E0-95DF-169E6A47382A}"
EndProject
Project("{FAE04EC0-301F-11D3-BF4B-00C04F79EFBC}") = "CLINICAL.Infastructure", "src\CLINICAL.Infastructure\CLINICAL.Infastructure.csproj", "{572102A2-1B4C-49A4-9FF7-90C11A3115D7}"
EndProject
Project("{FAE04EC0-301F-11D3-BF4B-00C04F79EFBC}") = "CLINICAL.Persistence", "src\CLINICAL.Persistence\CLINICAL.Persistence.csproj", "{9DA3BD37-DE1C-4242-AB14-3A924CB384C5}"
EndProject
Project("{FAE04EC0-301F-11D3-BF4B-00C04F79EFBC}") = "CLINICAL.Application.Dtos", "src\CLINICAL.Application.Dtos\CLINICAL.Application.Dtos.csproj", "{A5806107-14CC-4C86-ACC2-57A63F47E217}"
EndProject
Project("{FAE04EC0-301F-11D3-BF4B-00C04F79EFBC}") = "CLINICAL.Application.Interface", "src\CLINICAL.Application.Interface\CLINICAL.Application.Interface.csproj", "{FC34DA9A-D092-47F3-BCCC-54B1CA6CF9BC}"
EndProject
Project("{FAE04EC0-301F-11D3-BF4B-00C04F79EFBC}") = "CLINICAL.Application.UseCase", "src\CLINICAL.Application.UseCase\CLINICAL.Application.UseCase.csproj", "{E87C9CF4-7A85-4C2D-B1D9-79FEBA568F7E}"
EndProject
Project("{FAE04EC0-301F-11D3-BF4B-00C04F79EFBC}") = "CLINICAL.Api", "src\CLINICAL.Api\CLINICAL.Api.csproj", "{AC45CA73-A5FC-4F56-ADE9-8B3B3B30C507}"
EndProject
Project("{FAE04EC0-301F-11D3-BF4B-00C04F79EFBC}") = "CLINICAL.Utilities", "src\CLINICAL.Utilities\CLINICAL.Utilities.csproj", "{27824450-96EE-4405-9A57-104071DB8452}"
EndProject
Global
	GlobalSection(SolutionConfigurationPlatforms) = preSolution
		Debug|Any CPU = Debug|Any CPU
		Release|Any CPU = Release|Any CPU
	EndGlobalSection
	GlobalSection(ProjectConfigurationPlatforms) = postSolution
		{9188851F-AA13-41E0-95DF-169E6A47382A}.Debug|Any CPU.ActiveCfg = Debug|Any CPU
		{9188851F-AA13-41E0-95DF-169E6A47382A}.Debug|Any CPU.Build.0 = Debug|Any CPU
		{9188851F-AA13-41E0-95DF-169E6A47382A}.Release|Any CPU.ActiveCfg = Release|Any CPU
		{9188851F-AA13-41E0-95DF-169E6A47382A}.Release|Any CPU.Build.0 = Release|Any CPU
		{572102A2-1B4C-49A4-9FF7-90C11A3115D7}.Debug|Any CPU.ActiveCfg = Debug|Any CPU
		{572102A2-1B4C-49A4-9FF7-90C11A3115D7}.Debug|Any CPU.Build.0 = Debug|Any CPU
		{572102A2-1B4C-49A4-9FF7-90C11A3115D7}.Release|Any CPU.ActiveCfg = Release|Any CPU
		{572102A2-1B4C-49A4-9FF7-90C11A3115D7}.Release|Any CPU.Build.0 = Release|Any CPU
		{9DA3BD37-DE1C-4242-AB14-3A924CB384C5}.Debug|Any CPU.ActiveCfg = Debug|Any CPU
		{9DA3BD37-DE1C-4242-AB14-3A924CB384C5}.Debug|Any CPU.Build.0 = Debug|Any CPU
		{9DA3BD37-DE1C-4242-AB14-3A924CB384C5}.Release|Any CPU.ActiveCfg = Release|Any CPU
		{9DA3BD37-DE1C-4242-AB14-3A924CB384C5}.Release|Any CPU.Build.0 = Release|Any CPU
		{A5806107-14CC-4C86-ACC2-57A63F47E217}.Debug|Any CPU.ActiveCfg = Debug|Any CPU
		{A5806107-14CC-4C86-ACC2-57A63F47E217}.Debug|Any CPU.Build.0 = Debug|Any CPU
		{A5806107-14CC-4C86-ACC2-57A63F47E217}.Release|Any CPU.ActiveCfg = Release|Any CPU
		{A5806107-14CC-4C86-ACC2-57A63F47E217}.Release|Any CPU.Build.0 = Release|Any CPU
		{FC34DA9A-D092-47F3-BCCC-54B1CA6CF9BC}.Debug|Any CPU.ActiveCfg = Debug|Any CPU
		{FC34DA9A-D092-47F3-BCCC-54B1CA6CF9BC}.Debug|Any CPU.Build.0 = Debug|Any CPU
		{FC34DA9A-D092-47F3-BCCC-54B1CA6CF9BC}.Release|Any CPU.ActiveCfg = Release|Any CPU
		{FC34DA9A-D092-47F3-BCCC-54B1CA6CF9BC}.Release|Any CPU.Build.0 = Release|Any CPU
		{E87C9CF4-7A85-4C2D-B1D9-79FEBA568F7E}.Debug|Any CPU.ActiveCfg = Debug|Any CPU
		{E87C9CF4-7A85-4C2D-B1D9-79FEBA568F7E}.Debug|Any CPU.Build.0 = Debug|Any CPU
		{E87C9CF4-7A85-4C2D-B1D9-79FEBA568F7E}.Release|Any CPU.ActiveCfg = Release|Any CPU
		{E87C9CF4-7A85-4C2D-B1D9-79FEBA568F7E}.Release|Any CPU.Build.0 = Release|Any CPU
		{AC45CA73-A5FC-4F56-ADE9-8B3B3B30C507}.Debug|Any CPU.ActiveCfg = Debug|Any CPU
		{AC45CA73-A5FC-4F56-ADE9-8B3B3B30C507}.Debug|Any CPU.Build.0 = Debug|Any CPU
		{AC45CA73-A5FC-4F56-ADE9-8B3B3B30C507}.Release|Any CPU.ActiveCfg = Release|Any CPU
		{AC45CA73-A5FC-4F56-ADE9-8B3B3B30C507}.Release|Any CPU.Build.0 = Release|Any CPU
		{27824450-96EE-4405-9A57-104071DB8452}.Debug|Any CPU.ActiveCfg = Debug|Any CPU
		{27824450-96EE-4405-9A57-104071DB8452}.Debug|Any CPU.Build.0 = Debug|Any CPU
		{27824450-96EE-4405-9A57-104071DB8452}.Release|Any CPU.ActiveCfg = Release|Any CPU
		{27824450-96EE-4405-9A57-104071DB8452}.Release|Any CPU.Build.0 = Release|Any CPU
	EndGlobalSection
	GlobalSection(SolutionProperties) = preSolution
		HideSolutionNode = FALSE
	EndGlobalSection
	GlobalSection(NestedProjects) = preSolution
		{9188851F-AA13-41E0-95DF-169E6A47382A} = {DE0C3321-AE79-4523-AC85-AB3AC171ED3D}
		{572102A2-1B4C-49A4-9FF7-90C11A3115D7} = {B6A68229-7A45-4DB9-B92B-D4E843AAD518}
		{9DA3BD37-DE1C-4242-AB14-3A924CB384C5} = {B6A68229-7A45-4DB9-B92B-D4E843AAD518}
		{A5806107-14CC-4C86-ACC2-57A63F47E217} = {774144B4-FCC2-4197-976A-CE2EB657C4CF}
		{FC34DA9A-D092-47F3-BCCC-54B1CA6CF9BC} = {774144B4-FCC2-4197-976A-CE2EB657C4CF}
		{E87C9CF4-7A85-4C2D-B1D9-79FEBA568F7E} = {774144B4-FCC2-4197-976A-CE2EB657C4CF}
		{AC45CA73-A5FC-4F56-ADE9-8B3B3B30C507} = {FC19F254-DECC-4653-BC40-7252B28958DA}
		{27824450-96EE-4405-9A57-104071DB8452} = {8D2D1A7B-BAFC-433E-B04D-FB9B1B4110D8}
	EndGlobalSection
	GlobalSection(ExtensibilityGlobals) = postSolution
		SolutionGuid = {CAF925BC-D400-4A68-9C1C-6B3137585865}
	EndGlobalSection
EndGlobal
